
Microsoft Visual Studio Solution File, Format Version 12.00
# Visual Studio 14
VisualStudioVersion = 14.0.25123.0
MinimumVisualStudioVersion = 10.0.40219.1
Project("{FAE04EC0-301F-11D3-BF4B-00C04F79EFBC}") = "MVCSite.Web", "MVCSite.Web\MVCSite.Web.csproj", "{39F1D8AD-D69D-47E8-AE17-56140D63C8EC}"
EndProject
Project("{FAE04EC0-301F-11D3-BF4B-00C04F79EFBC}") = "MVCSite.DAC", "MVCSite.DAC\MVCSite.DAC.csproj", "{31DA683A-93D5-4073-A8A4-BB76E587B372}"
EndProject
Project("{FAE04EC0-301F-11D3-BF4B-00C04F79EFBC}") = "MVCSite.EmailService", "MVCSite.EmailService\MVCSite.EmailService.csproj", "{679D3F3E-2989-45E4-B12F-41562B86A4DD}"
EndProject
Project("{FAE04EC0-301F-11D3-BF4B-00C04F79EFBC}") = "MVCSite.Biz", "MVCSite.Biz\MVCSite.Biz.csproj", "{B8EE4196-BB55-48A7-99DF-B1A3E21FC7B6}"
EndProject
Project("{FAE04EC0-301F-11D3-BF4B-00C04F79EFBC}") = "MVCSite.Common", "MVCSite.Common\MVCSite.Common.csproj", "{AB822146-5A9D-4349-BACA-1CBCB5795C01}"
EndProject
Project("{FAE04EC0-301F-11D3-BF4B-00C04F79EFBC}") = "MVCSite.Test", "MVCSite.Test\MVCSite.Test.csproj", "{CBEC5068-C249-4043-9A04-1827CFAA3624}"
EndProject
Global
	GlobalSection(SolutionConfigurationPlatforms) = preSolution
		AndroidDebug|Any CPU = AndroidDebug|Any CPU
		AndroidDebug|Mixed Platforms = AndroidDebug|Mixed Platforms
		AndroidDebug|x64 = AndroidDebug|x64
		AndroidDebug|x86 = AndroidDebug|x86
		AndroidDebugOnLocal|Any CPU = AndroidDebugOnLocal|Any CPU
		AndroidDebugOnLocal|Mixed Platforms = AndroidDebugOnLocal|Mixed Platforms
		AndroidDebugOnLocal|x64 = AndroidDebugOnLocal|x64
		AndroidDebugOnLocal|x86 = AndroidDebugOnLocal|x86
		AndroidRelease|Any CPU = AndroidRelease|Any CPU
		AndroidRelease|Mixed Platforms = AndroidRelease|Mixed Platforms
		AndroidRelease|x64 = AndroidRelease|x64
		AndroidRelease|x86 = AndroidRelease|x86
		CrawlerDebug|Any CPU = CrawlerDebug|Any CPU
		CrawlerDebug|Mixed Platforms = CrawlerDebug|Mixed Platforms
		CrawlerDebug|x64 = CrawlerDebug|x64
		CrawlerDebug|x86 = CrawlerDebug|x86
		Debug|Any CPU = Debug|Any CPU
		Debug|Mixed Platforms = Debug|Mixed Platforms
		Debug|x64 = Debug|x64
		Debug|x86 = Debug|x86
		DebugDataTest|Any CPU = DebugDataTest|Any CPU
		DebugDataTest|Mixed Platforms = DebugDataTest|Mixed Platforms
		DebugDataTest|x64 = DebugDataTest|x64
		DebugDataTest|x86 = DebugDataTest|x86
		DebugOnLocal|Any CPU = DebugOnLocal|Any CPU
		DebugOnLocal|Mixed Platforms = DebugOnLocal|Mixed Platforms
		DebugOnLocal|x64 = DebugOnLocal|x64
		DebugOnLocal|x86 = DebugOnLocal|x86
		DebugOnLocalWebServer|Any CPU = DebugOnLocalWebServer|Any CPU
		DebugOnLocalWebServer|Mixed Platforms = DebugOnLocalWebServer|Mixed Platforms
		DebugOnLocalWebServer|x64 = DebugOnLocalWebServer|x64
		DebugOnLocalWebServer|x86 = DebugOnLocalWebServer|x86
		IntegrationTest|Any CPU = IntegrationTest|Any CPU
		IntegrationTest|Mixed Platforms = IntegrationTest|Mixed Platforms
		IntegrationTest|x64 = IntegrationTest|x64
		IntegrationTest|x86 = IntegrationTest|x86
		iOSBuild|Any CPU = iOSBuild|Any CPU
		iOSBuild|Mixed Platforms = iOSBuild|Mixed Platforms
		iOSBuild|x64 = iOSBuild|x64
		iOSBuild|x86 = iOSBuild|x86
		Nightly|Any CPU = Nightly|Any CPU
		Nightly|Mixed Platforms = Nightly|Mixed Platforms
		Nightly|x64 = Nightly|x64
		Nightly|x86 = Nightly|x86
		Release|Any CPU = Release|Any CPU
		Release|Mixed Platforms = Release|Mixed Platforms
		Release|x64 = Release|x64
		Release|x86 = Release|x86
	EndGlobalSection
	GlobalSection(ProjectConfigurationPlatforms) = postSolution
		{39F1D8AD-D69D-47E8-AE17-56140D63C8EC}.AndroidDebug|Any CPU.ActiveCfg = Debug|Any CPU
		{39F1D8AD-D69D-47E8-AE17-56140D63C8EC}.AndroidDebug|Any CPU.Build.0 = Debug|Any CPU
		{39F1D8AD-D69D-47E8-AE17-56140D63C8EC}.AndroidDebug|Mixed Platforms.ActiveCfg = Debug|Any CPU
		{39F1D8AD-D69D-47E8-AE17-56140D63C8EC}.AndroidDebug|Mixed Platforms.Build.0 = Debug|Any CPU
		{39F1D8AD-D69D-47E8-AE17-56140D63C8EC}.AndroidDebug|x64.ActiveCfg = Debug|Any CPU
		{39F1D8AD-D69D-47E8-AE17-56140D63C8EC}.AndroidDebug|x86.ActiveCfg = Debug|Any CPU
		{39F1D8AD-D69D-47E8-AE17-56140D63C8EC}.AndroidDebugOnLocal|Any CPU.ActiveCfg = DebugOnLocal|Any CPU
		{39F1D8AD-D69D-47E8-AE17-56140D63C8EC}.AndroidDebugOnLocal|Any CPU.Build.0 = DebugOnLocal|Any CPU
		{39F1D8AD-D69D-47E8-AE17-56140D63C8EC}.AndroidDebugOnLocal|Mixed Platforms.ActiveCfg = DebugOnLocal|Any CPU
		{39F1D8AD-D69D-47E8-AE17-56140D63C8EC}.AndroidDebugOnLocal|Mixed Platforms.Build.0 = DebugOnLocal|Any CPU
		{39F1D8AD-D69D-47E8-AE17-56140D63C8EC}.AndroidDebugOnLocal|x64.ActiveCfg = DebugOnLocal|Any CPU
		{39F1D8AD-D69D-47E8-AE17-56140D63C8EC}.AndroidDebugOnLocal|x86.ActiveCfg = DebugOnLocal|Any CPU
		{39F1D8AD-D69D-47E8-AE17-56140D63C8EC}.AndroidRelease|Any CPU.ActiveCfg = Release|Any CPU
		{39F1D8AD-D69D-47E8-AE17-56140D63C8EC}.AndroidRelease|Any CPU.Build.0 = Release|Any CPU
		{39F1D8AD-D69D-47E8-AE17-56140D63C8EC}.AndroidRelease|Mixed Platforms.ActiveCfg = Release|Any CPU
		{39F1D8AD-D69D-47E8-AE17-56140D63C8EC}.AndroidRelease|Mixed Platforms.Build.0 = Release|Any CPU
		{39F1D8AD-D69D-47E8-AE17-56140D63C8EC}.AndroidRelease|x64.ActiveCfg = Release|Any CPU
		{39F1D8AD-D69D-47E8-AE17-56140D63C8EC}.AndroidRelease|x86.ActiveCfg = Release|Any CPU
		{39F1D8AD-D69D-47E8-AE17-56140D63C8EC}.CrawlerDebug|Any CPU.ActiveCfg = Debug|Any CPU
		{39F1D8AD-D69D-47E8-AE17-56140D63C8EC}.CrawlerDebug|Any CPU.Build.0 = Debug|Any CPU
		{39F1D8AD-D69D-47E8-AE17-56140D63C8EC}.CrawlerDebug|Mixed Platforms.ActiveCfg = Debug|Any CPU
		{39F1D8AD-D69D-47E8-AE17-56140D63C8EC}.CrawlerDebug|Mixed Platforms.Build.0 = Debug|Any CPU
		{39F1D8AD-D69D-47E8-AE17-56140D63C8EC}.CrawlerDebug|x64.ActiveCfg = Debug|Any CPU
		{39F1D8AD-D69D-47E8-AE17-56140D63C8EC}.CrawlerDebug|x86.ActiveCfg = Debug|Any CPU
		{39F1D8AD-D69D-47E8-AE17-56140D63C8EC}.Debug|Any CPU.ActiveCfg = Debug|Any CPU
		{39F1D8AD-D69D-47E8-AE17-56140D63C8EC}.Debug|Any CPU.Build.0 = Debug|Any CPU
		{39F1D8AD-D69D-47E8-AE17-56140D63C8EC}.Debug|Mixed Platforms.ActiveCfg = Debug|Any CPU
		{39F1D8AD-D69D-47E8-AE17-56140D63C8EC}.Debug|Mixed Platforms.Build.0 = Debug|Any CPU
		{39F1D8AD-D69D-47E8-AE17-56140D63C8EC}.Debug|x64.ActiveCfg = Debug|Any CPU
		{39F1D8AD-D69D-47E8-AE17-56140D63C8EC}.Debug|x86.ActiveCfg = Debug|Any CPU
		{39F1D8AD-D69D-47E8-AE17-56140D63C8EC}.Debug|x86.Build.0 = Debug|Any CPU
		{39F1D8AD-D69D-47E8-AE17-56140D63C8EC}.DebugDataTest|Any CPU.ActiveCfg = DebugOnLocal|Any CPU
		{39F1D8AD-D69D-47E8-AE17-56140D63C8EC}.DebugDataTest|Any CPU.Build.0 = DebugOnLocal|Any CPU
		{39F1D8AD-D69D-47E8-AE17-56140D63C8EC}.DebugDataTest|Mixed Platforms.ActiveCfg = DebugOnLocal|Any CPU
		{39F1D8AD-D69D-47E8-AE17-56140D63C8EC}.DebugDataTest|Mixed Platforms.Build.0 = DebugOnLocal|Any CPU
		{39F1D8AD-D69D-47E8-AE17-56140D63C8EC}.DebugDataTest|x64.ActiveCfg = DebugOnLocal|Any CPU
		{39F1D8AD-D69D-47E8-AE17-56140D63C8EC}.DebugDataTest|x86.ActiveCfg = DebugOnLocal|Any CPU
		{39F1D8AD-D69D-47E8-AE17-56140D63C8EC}.DebugOnLocal|Any CPU.ActiveCfg = DebugOnLocal|Any CPU
		{39F1D8AD-D69D-47E8-AE17-56140D63C8EC}.DebugOnLocal|Any CPU.Build.0 = DebugOnLocal|Any CPU
		{39F1D8AD-D69D-47E8-AE17-56140D63C8EC}.DebugOnLocal|Mixed Platforms.ActiveCfg = DebugOnLocal|Any CPU
		{39F1D8AD-D69D-47E8-AE17-56140D63C8EC}.DebugOnLocal|Mixed Platforms.Build.0 = DebugOnLocal|Any CPU
		{39F1D8AD-D69D-47E8-AE17-56140D63C8EC}.DebugOnLocal|x64.ActiveCfg = DebugOnLocal|Any CPU
		{39F1D8AD-D69D-47E8-AE17-56140D63C8EC}.DebugOnLocal|x86.ActiveCfg = DebugOnLocal|Any CPU
		{39F1D8AD-D69D-47E8-AE17-56140D63C8EC}.DebugOnLocalWebServer|Any CPU.ActiveCfg = DebugOnLocal|Any CPU
		{39F1D8AD-D69D-47E8-AE17-56140D63C8EC}.DebugOnLocalWebServer|Any CPU.Build.0 = DebugOnLocal|Any CPU
		{39F1D8AD-D69D-47E8-AE17-56140D63C8EC}.DebugOnLocalWebServer|Mixed Platforms.ActiveCfg = DebugOnLocal|Any CPU
		{39F1D8AD-D69D-47E8-AE17-56140D63C8EC}.DebugOnLocalWebServer|Mixed Platforms.Build.0 = DebugOnLocal|Any CPU
		{39F1D8AD-D69D-47E8-AE17-56140D63C8EC}.DebugOnLocalWebServer|x64.ActiveCfg = DebugOnLocal|Any CPU
		{39F1D8AD-D69D-47E8-AE17-56140D63C8EC}.DebugOnLocalWebServer|x86.ActiveCfg = DebugOnLocal|Any CPU
		{39F1D8AD-D69D-47E8-AE17-56140D63C8EC}.IntegrationTest|Any CPU.ActiveCfg = DebugOnLocal|Any CPU
		{39F1D8AD-D69D-47E8-AE17-56140D63C8EC}.IntegrationTest|Any CPU.Build.0 = DebugOnLocal|Any CPU
		{39F1D8AD-D69D-47E8-AE17-56140D63C8EC}.IntegrationTest|Mixed Platforms.ActiveCfg = DebugOnLocal|Any CPU
		{39F1D8AD-D69D-47E8-AE17-56140D63C8EC}.IntegrationTest|Mixed Platforms.Build.0 = DebugOnLocal|Any CPU
		{39F1D8AD-D69D-47E8-AE17-56140D63C8EC}.IntegrationTest|x64.ActiveCfg = Release|Any CPU
		{39F1D8AD-D69D-47E8-AE17-56140D63C8EC}.IntegrationTest|x86.ActiveCfg = DebugOnLocal|Any CPU
		{39F1D8AD-D69D-47E8-AE17-56140D63C8EC}.iOSBuild|Any CPU.ActiveCfg = DebugOnLocal|Any CPU
		{39F1D8AD-D69D-47E8-AE17-56140D63C8EC}.iOSBuild|Any CPU.Build.0 = DebugOnLocal|Any CPU
		{39F1D8AD-D69D-47E8-AE17-56140D63C8EC}.iOSBuild|Mixed Platforms.ActiveCfg = DebugOnLocal|Any CPU
		{39F1D8AD-D69D-47E8-AE17-56140D63C8EC}.iOSBuild|Mixed Platforms.Build.0 = DebugOnLocal|Any CPU
		{39F1D8AD-D69D-47E8-AE17-56140D63C8EC}.iOSBuild|x64.ActiveCfg = Release|Any CPU
		{39F1D8AD-D69D-47E8-AE17-56140D63C8EC}.iOSBuild|x86.ActiveCfg = DebugOnLocal|Any CPU
		{39F1D8AD-D69D-47E8-AE17-56140D63C8EC}.Nightly|Any CPU.ActiveCfg = Release|Any CPU
		{39F1D8AD-D69D-47E8-AE17-56140D63C8EC}.Nightly|Any CPU.Build.0 = Release|Any CPU
		{39F1D8AD-D69D-47E8-AE17-56140D63C8EC}.Nightly|Mixed Platforms.ActiveCfg = Release|Any CPU
		{39F1D8AD-D69D-47E8-AE17-56140D63C8EC}.Nightly|Mixed Platforms.Build.0 = Release|Any CPU
		{39F1D8AD-D69D-47E8-AE17-56140D63C8EC}.Nightly|x64.ActiveCfg = Release|Any CPU
		{39F1D8AD-D69D-47E8-AE17-56140D63C8EC}.Nightly|x86.ActiveCfg = Release|Any CPU
		{39F1D8AD-D69D-47E8-AE17-56140D63C8EC}.Release|Any CPU.ActiveCfg = Release|Any CPU
		{39F1D8AD-D69D-47E8-AE17-56140D63C8EC}.Release|Any CPU.Build.0 = Release|Any CPU
		{39F1D8AD-D69D-47E8-AE17-56140D63C8EC}.Release|Mixed Platforms.ActiveCfg = Release|Any CPU
		{39F1D8AD-D69D-47E8-AE17-56140D63C8EC}.Release|Mixed Platforms.Build.0 = Release|Any CPU
		{39F1D8AD-D69D-47E8-AE17-56140D63C8EC}.Release|x64.ActiveCfg = Release|Any CPU
		{39F1D8AD-D69D-47E8-AE17-56140D63C8EC}.Release|x86.ActiveCfg = Release|Any CPU
		{31DA683A-93D5-4073-A8A4-BB76E587B372}.AndroidDebug|Any CPU.ActiveCfg = Debug|Any CPU
		{31DA683A-93D5-4073-A8A4-BB76E587B372}.AndroidDebug|Any CPU.Build.0 = Debug|Any CPU
		{31DA683A-93D5-4073-A8A4-BB76E587B372}.AndroidDebug|Mixed Platforms.ActiveCfg = Debug|Any CPU
		{31DA683A-93D5-4073-A8A4-BB76E587B372}.AndroidDebug|Mixed Platforms.Build.0 = Debug|Any CPU
		{31DA683A-93D5-4073-A8A4-BB76E587B372}.AndroidDebug|x64.ActiveCfg = Debug|Any CPU
		{31DA683A-93D5-4073-A8A4-BB76E587B372}.AndroidDebug|x86.ActiveCfg = Debug|Any CPU
		{31DA683A-93D5-4073-A8A4-BB76E587B372}.AndroidDebugOnLocal|Any CPU.ActiveCfg = DebugOnLocal|Any CPU
		{31DA683A-93D5-4073-A8A4-BB76E587B372}.AndroidDebugOnLocal|Any CPU.Build.0 = DebugOnLocal|Any CPU
		{31DA683A-93D5-4073-A8A4-BB76E587B372}.AndroidDebugOnLocal|Mixed Platforms.ActiveCfg = DebugOnLocal|Any CPU
		{31DA683A-93D5-4073-A8A4-BB76E587B372}.AndroidDebugOnLocal|Mixed Platforms.Build.0 = DebugOnLocal|Any CPU
		{31DA683A-93D5-4073-A8A4-BB76E587B372}.AndroidDebugOnLocal|x64.ActiveCfg = DebugOnLocal|Any CPU
		{31DA683A-93D5-4073-A8A4-BB76E587B372}.AndroidDebugOnLocal|x86.ActiveCfg = DebugOnLocal|Any CPU
		{31DA683A-93D5-4073-A8A4-BB76E587B372}.AndroidRelease|Any CPU.ActiveCfg = Release|Any CPU
		{31DA683A-93D5-4073-A8A4-BB76E587B372}.AndroidRelease|Any CPU.Build.0 = Release|Any CPU
		{31DA683A-93D5-4073-A8A4-BB76E587B372}.AndroidRelease|Mixed Platforms.ActiveCfg = Release|Any CPU
		{31DA683A-93D5-4073-A8A4-BB76E587B372}.AndroidRelease|Mixed Platforms.Build.0 = Release|Any CPU
		{31DA683A-93D5-4073-A8A4-BB76E587B372}.AndroidRelease|x64.ActiveCfg = Release|Any CPU
		{31DA683A-93D5-4073-A8A4-BB76E587B372}.AndroidRelease|x86.ActiveCfg = Release|Any CPU
		{31DA683A-93D5-4073-A8A4-BB76E587B372}.CrawlerDebug|Any CPU.ActiveCfg = CrawlerDebug|Any CPU
		{31DA683A-93D5-4073-A8A4-BB76E587B372}.CrawlerDebug|Any CPU.Build.0 = CrawlerDebug|Any CPU
		{31DA683A-93D5-4073-A8A4-BB76E587B372}.CrawlerDebug|Mixed Platforms.ActiveCfg = CrawlerDebug|Any CPU
		{31DA683A-93D5-4073-A8A4-BB76E587B372}.CrawlerDebug|Mixed Platforms.Build.0 = CrawlerDebug|Any CPU
		{31DA683A-93D5-4073-A8A4-BB76E587B372}.CrawlerDebug|x64.ActiveCfg = CrawlerDebug|Any CPU
		{31DA683A-93D5-4073-A8A4-BB76E587B372}.CrawlerDebug|x86.ActiveCfg = CrawlerDebug|Any CPU
		{31DA683A-93D5-4073-A8A4-BB76E587B372}.Debug|Any CPU.ActiveCfg = Debug|Any CPU
		{31DA683A-93D5-4073-A8A4-BB76E587B372}.Debug|Any CPU.Build.0 = Debug|Any CPU
		{31DA683A-93D5-4073-A8A4-BB76E587B372}.Debug|Mixed Platforms.ActiveCfg = Debug|Any CPU
		{31DA683A-93D5-4073-A8A4-BB76E587B372}.Debug|Mixed Platforms.Build.0 = Debug|Any CPU
		{31DA683A-93D5-4073-A8A4-BB76E587B372}.Debug|x64.ActiveCfg = Debug|Any CPU
		{31DA683A-93D5-4073-A8A4-BB76E587B372}.Debug|x64.Build.0 = Debug|Any CPU
		{31DA683A-93D5-4073-A8A4-BB76E587B372}.Debug|x86.ActiveCfg = Debug|Any CPU
		{31DA683A-93D5-4073-A8A4-BB76E587B372}.Debug|x86.Build.0 = Debug|Any CPU
		{31DA683A-93D5-4073-A8A4-BB76E587B372}.DebugDataTest|Any CPU.ActiveCfg = DebugOnLocal|Any CPU
		{31DA683A-93D5-4073-A8A4-BB76E587B372}.DebugDataTest|Any CPU.Build.0 = DebugOnLocal|Any CPU
		{31DA683A-93D5-4073-A8A4-BB76E587B372}.DebugDataTest|Mixed Platforms.ActiveCfg = DebugOnLocal|Any CPU
		{31DA683A-93D5-4073-A8A4-BB76E587B372}.DebugDataTest|Mixed Platforms.Build.0 = DebugOnLocal|Any CPU
		{31DA683A-93D5-4073-A8A4-BB76E587B372}.DebugDataTest|x64.ActiveCfg = DebugOnLocal|Any CPU
		{31DA683A-93D5-4073-A8A4-BB76E587B372}.DebugDataTest|x86.ActiveCfg = DebugOnLocal|Any CPU
		{31DA683A-93D5-4073-A8A4-BB76E587B372}.DebugOnLocal|Any CPU.ActiveCfg = DebugOnLocal|Any CPU
		{31DA683A-93D5-4073-A8A4-BB76E587B372}.DebugOnLocal|Any CPU.Build.0 = DebugOnLocal|Any CPU
		{31DA683A-93D5-4073-A8A4-BB76E587B372}.DebugOnLocal|Mixed Platforms.ActiveCfg = DebugOnLocal|Any CPU
		{31DA683A-93D5-4073-A8A4-BB76E587B372}.DebugOnLocal|Mixed Platforms.Build.0 = DebugOnLocal|Any CPU
		{31DA683A-93D5-4073-A8A4-BB76E587B372}.DebugOnLocal|x64.ActiveCfg = DebugOnLocal|Any CPU
		{31DA683A-93D5-4073-A8A4-BB76E587B372}.DebugOnLocal|x86.ActiveCfg = DebugOnLocal|Any CPU
		{31DA683A-93D5-4073-A8A4-BB76E587B372}.DebugOnLocalWebServer|Any CPU.ActiveCfg = DebugOnLocal|Any CPU
		{31DA683A-93D5-4073-A8A4-BB76E587B372}.DebugOnLocalWebServer|Any CPU.Build.0 = DebugOnLocal|Any CPU
		{31DA683A-93D5-4073-A8A4-BB76E587B372}.DebugOnLocalWebServer|Mixed Platforms.ActiveCfg = DebugOnLocal|Any CPU
		{31DA683A-93D5-4073-A8A4-BB76E587B372}.DebugOnLocalWebServer|Mixed Platforms.Build.0 = DebugOnLocal|Any CPU
		{31DA683A-93D5-4073-A8A4-BB76E587B372}.DebugOnLocalWebServer|x64.ActiveCfg = DebugOnLocal|Any CPU
		{31DA683A-93D5-4073-A8A4-BB76E587B372}.DebugOnLocalWebServer|x86.ActiveCfg = DebugOnLocal|Any CPU
		{31DA683A-93D5-4073-A8A4-BB76E587B372}.IntegrationTest|Any CPU.ActiveCfg = DebugOnLocal|Any CPU
		{31DA683A-93D5-4073-A8A4-BB76E587B372}.IntegrationTest|Any CPU.Build.0 = DebugOnLocal|Any CPU
		{31DA683A-93D5-4073-A8A4-BB76E587B372}.IntegrationTest|Mixed Platforms.ActiveCfg = DebugOnLocal|Any CPU
		{31DA683A-93D5-4073-A8A4-BB76E587B372}.IntegrationTest|Mixed Platforms.Build.0 = DebugOnLocal|Any CPU
		{31DA683A-93D5-4073-A8A4-BB76E587B372}.IntegrationTest|x64.ActiveCfg = CrawlerDebug|Any CPU
		{31DA683A-93D5-4073-A8A4-BB76E587B372}.IntegrationTest|x86.ActiveCfg = DebugOnLocal|Any CPU
		{31DA683A-93D5-4073-A8A4-BB76E587B372}.iOSBuild|Any CPU.ActiveCfg = DebugOnLocal|Any CPU
		{31DA683A-93D5-4073-A8A4-BB76E587B372}.iOSBuild|Any CPU.Build.0 = DebugOnLocal|Any CPU
		{31DA683A-93D5-4073-A8A4-BB76E587B372}.iOSBuild|Mixed Platforms.ActiveCfg = DebugOnLocal|Any CPU
		{31DA683A-93D5-4073-A8A4-BB76E587B372}.iOSBuild|Mixed Platforms.Build.0 = DebugOnLocal|Any CPU
		{31DA683A-93D5-4073-A8A4-BB76E587B372}.iOSBuild|x64.ActiveCfg = CrawlerDebug|Any CPU
		{31DA683A-93D5-4073-A8A4-BB76E587B372}.iOSBuild|x86.ActiveCfg = DebugOnLocal|Any CPU
		{31DA683A-93D5-4073-A8A4-BB76E587B372}.Nightly|Any CPU.ActiveCfg = Release|Any CPU
		{31DA683A-93D5-4073-A8A4-BB76E587B372}.Nightly|Any CPU.Build.0 = Release|Any CPU
		{31DA683A-93D5-4073-A8A4-BB76E587B372}.Nightly|Mixed Platforms.ActiveCfg = Release|Any CPU
		{31DA683A-93D5-4073-A8A4-BB76E587B372}.Nightly|Mixed Platforms.Build.0 = Release|Any CPU
		{31DA683A-93D5-4073-A8A4-BB76E587B372}.Nightly|x64.ActiveCfg = CrawlerDebug|Any CPU
		{31DA683A-93D5-4073-A8A4-BB76E587B372}.Nightly|x86.ActiveCfg = Release|Any CPU
		{31DA683A-93D5-4073-A8A4-BB76E587B372}.Release|Any CPU.ActiveCfg = Release|Any CPU
		{31DA683A-93D5-4073-A8A4-BB76E587B372}.Release|Any CPU.Build.0 = Release|Any CPU
		{31DA683A-93D5-4073-A8A4-BB76E587B372}.Release|Mixed Platforms.ActiveCfg = Release|Any CPU
		{31DA683A-93D5-4073-A8A4-BB76E587B372}.Release|Mixed Platforms.Build.0 = Release|Any CPU
		{31DA683A-93D5-4073-A8A4-BB76E587B372}.Release|x64.ActiveCfg = Release|Any CPU
		{31DA683A-93D5-4073-A8A4-BB76E587B372}.Release|x86.ActiveCfg = Release|Any CPU
		{679D3F3E-2989-45E4-B12F-41562B86A4DD}.AndroidDebug|Any CPU.ActiveCfg = Debug|x86
		{679D3F3E-2989-45E4-B12F-41562B86A4DD}.AndroidDebug|Mixed Platforms.ActiveCfg = Debug|x86
		{679D3F3E-2989-45E4-B12F-41562B86A4DD}.AndroidDebug|Mixed Platforms.Build.0 = Debug|x86
		{679D3F3E-2989-45E4-B12F-41562B86A4DD}.AndroidDebug|x64.ActiveCfg = Debug|x64
		{679D3F3E-2989-45E4-B12F-41562B86A4DD}.AndroidDebug|x64.Build.0 = Debug|x64
		{679D3F3E-2989-45E4-B12F-41562B86A4DD}.AndroidDebug|x86.ActiveCfg = Debug|x86
		{679D3F3E-2989-45E4-B12F-41562B86A4DD}.AndroidDebug|x86.Build.0 = Debug|x86
		{679D3F3E-2989-45E4-B12F-41562B86A4DD}.AndroidDebugOnLocal|Any CPU.ActiveCfg = DebugOnLocal|x86
		{679D3F3E-2989-45E4-B12F-41562B86A4DD}.AndroidDebugOnLocal|Mixed Platforms.ActiveCfg = DebugOnLocal|x86
		{679D3F3E-2989-45E4-B12F-41562B86A4DD}.AndroidDebugOnLocal|Mixed Platforms.Build.0 = DebugOnLocal|x86
		{679D3F3E-2989-45E4-B12F-41562B86A4DD}.AndroidDebugOnLocal|x64.ActiveCfg = DebugOnLocal|x64
		{679D3F3E-2989-45E4-B12F-41562B86A4DD}.AndroidDebugOnLocal|x64.Build.0 = DebugOnLocal|x64
		{679D3F3E-2989-45E4-B12F-41562B86A4DD}.AndroidDebugOnLocal|x86.ActiveCfg = DebugOnLocal|x86
		{679D3F3E-2989-45E4-B12F-41562B86A4DD}.AndroidDebugOnLocal|x86.Build.0 = DebugOnLocal|x86
		{679D3F3E-2989-45E4-B12F-41562B86A4DD}.AndroidRelease|Any CPU.ActiveCfg = Release|x86
		{679D3F3E-2989-45E4-B12F-41562B86A4DD}.AndroidRelease|Mixed Platforms.ActiveCfg = Release|x86
		{679D3F3E-2989-45E4-B12F-41562B86A4DD}.AndroidRelease|Mixed Platforms.Build.0 = Release|x86
		{679D3F3E-2989-45E4-B12F-41562B86A4DD}.AndroidRelease|x64.ActiveCfg = Release|x64
		{679D3F3E-2989-45E4-B12F-41562B86A4DD}.AndroidRelease|x64.Build.0 = Release|x64
		{679D3F3E-2989-45E4-B12F-41562B86A4DD}.AndroidRelease|x86.ActiveCfg = Release|x86
		{679D3F3E-2989-45E4-B12F-41562B86A4DD}.AndroidRelease|x86.Build.0 = Release|x86
		{679D3F3E-2989-45E4-B12F-41562B86A4DD}.CrawlerDebug|Any CPU.ActiveCfg = Debug|x86
		{679D3F3E-2989-45E4-B12F-41562B86A4DD}.CrawlerDebug|Mixed Platforms.ActiveCfg = Debug|x86
		{679D3F3E-2989-45E4-B12F-41562B86A4DD}.CrawlerDebug|Mixed Platforms.Build.0 = Debug|x86
		{679D3F3E-2989-45E4-B12F-41562B86A4DD}.CrawlerDebug|x64.ActiveCfg = Debug|x64
		{679D3F3E-2989-45E4-B12F-41562B86A4DD}.CrawlerDebug|x64.Build.0 = Debug|x64
		{679D3F3E-2989-45E4-B12F-41562B86A4DD}.CrawlerDebug|x86.ActiveCfg = Debug|x86
		{679D3F3E-2989-45E4-B12F-41562B86A4DD}.CrawlerDebug|x86.Build.0 = Debug|x86
		{679D3F3E-2989-45E4-B12F-41562B86A4DD}.Debug|Any CPU.ActiveCfg = Debug|x86
		{679D3F3E-2989-45E4-B12F-41562B86A4DD}.Debug|Mixed Platforms.ActiveCfg = Debug|x86
		{679D3F3E-2989-45E4-B12F-41562B86A4DD}.Debug|x64.ActiveCfg = Debug|x64
		{679D3F3E-2989-45E4-B12F-41562B86A4DD}.Debug|x64.Build.0 = Debug|x64
		{679D3F3E-2989-45E4-B12F-41562B86A4DD}.Debug|x86.ActiveCfg = Debug|x86
		{679D3F3E-2989-45E4-B12F-41562B86A4DD}.Debug|x86.Build.0 = Debug|x86
		{679D3F3E-2989-45E4-B12F-41562B86A4DD}.DebugDataTest|Any CPU.ActiveCfg = DebugOnLocal|x86
		{679D3F3E-2989-45E4-B12F-41562B86A4DD}.DebugDataTest|Mixed Platforms.ActiveCfg = DebugOnLocal|x86
		{679D3F3E-2989-45E4-B12F-41562B86A4DD}.DebugDataTest|Mixed Platforms.Build.0 = DebugOnLocal|x86
		{679D3F3E-2989-45E4-B12F-41562B86A4DD}.DebugDataTest|x64.ActiveCfg = DebugOnLocal|x64
		{679D3F3E-2989-45E4-B12F-41562B86A4DD}.DebugDataTest|x64.Build.0 = DebugOnLocal|x64
		{679D3F3E-2989-45E4-B12F-41562B86A4DD}.DebugDataTest|x86.ActiveCfg = DebugOnLocal|x86
		{679D3F3E-2989-45E4-B12F-41562B86A4DD}.DebugDataTest|x86.Build.0 = DebugOnLocal|x86
		{679D3F3E-2989-45E4-B12F-41562B86A4DD}.DebugOnLocal|Any CPU.ActiveCfg = DebugOnLocal|x86
		{679D3F3E-2989-45E4-B12F-41562B86A4DD}.DebugOnLocal|Mixed Platforms.ActiveCfg = DebugOnLocal|x86
		{679D3F3E-2989-45E4-B12F-41562B86A4DD}.DebugOnLocal|Mixed Platforms.Build.0 = DebugOnLocal|x86
		{679D3F3E-2989-45E4-B12F-41562B86A4DD}.DebugOnLocal|x64.ActiveCfg = DebugOnLocal|x64
		{679D3F3E-2989-45E4-B12F-41562B86A4DD}.DebugOnLocal|x64.Build.0 = DebugOnLocal|x64
		{679D3F3E-2989-45E4-B12F-41562B86A4DD}.DebugOnLocal|x86.ActiveCfg = DebugOnLocal|x86
		{679D3F3E-2989-45E4-B12F-41562B86A4DD}.DebugOnLocal|x86.Build.0 = DebugOnLocal|x86
		{679D3F3E-2989-45E4-B12F-41562B86A4DD}.DebugOnLocalWebServer|Any CPU.ActiveCfg = DebugOnLocal|x86
		{679D3F3E-2989-45E4-B12F-41562B86A4DD}.DebugOnLocalWebServer|Mixed Platforms.ActiveCfg = DebugOnLocal|x86
		{679D3F3E-2989-45E4-B12F-41562B86A4DD}.DebugOnLocalWebServer|Mixed Platforms.Build.0 = DebugOnLocal|x86
		{679D3F3E-2989-45E4-B12F-41562B86A4DD}.DebugOnLocalWebServer|x64.ActiveCfg = DebugOnLocal|x64
		{679D3F3E-2989-45E4-B12F-41562B86A4DD}.DebugOnLocalWebServer|x64.Build.0 = DebugOnLocal|x64
		{679D3F3E-2989-45E4-B12F-41562B86A4DD}.DebugOnLocalWebServer|x86.ActiveCfg = DebugOnLocal|x86
		{679D3F3E-2989-45E4-B12F-41562B86A4DD}.DebugOnLocalWebServer|x86.Build.0 = DebugOnLocal|x86
		{679D3F3E-2989-45E4-B12F-41562B86A4DD}.IntegrationTest|Any CPU.ActiveCfg = DebugOnLocal|x86
		{679D3F3E-2989-45E4-B12F-41562B86A4DD}.IntegrationTest|Mixed Platforms.ActiveCfg = DebugOnLocal|x86
		{679D3F3E-2989-45E4-B12F-41562B86A4DD}.IntegrationTest|Mixed Platforms.Build.0 = DebugOnLocal|x86
		{679D3F3E-2989-45E4-B12F-41562B86A4DD}.IntegrationTest|x64.ActiveCfg = DebugOnLocal|x64
		{679D3F3E-2989-45E4-B12F-41562B86A4DD}.IntegrationTest|x64.Build.0 = DebugOnLocal|x64
		{679D3F3E-2989-45E4-B12F-41562B86A4DD}.IntegrationTest|x86.ActiveCfg = DebugOnLocal|x86
		{679D3F3E-2989-45E4-B12F-41562B86A4DD}.IntegrationTest|x86.Build.0 = DebugOnLocal|x86
		{679D3F3E-2989-45E4-B12F-41562B86A4DD}.iOSBuild|Any CPU.ActiveCfg = DebugOnLocal|x86
		{679D3F3E-2989-45E4-B12F-41562B86A4DD}.iOSBuild|Mixed Platforms.ActiveCfg = DebugOnLocal|x86
		{679D3F3E-2989-45E4-B12F-41562B86A4DD}.iOSBuild|Mixed Platforms.Build.0 = DebugOnLocal|x86
		{679D3F3E-2989-45E4-B12F-41562B86A4DD}.iOSBuild|x64.ActiveCfg = DebugOnLocal|x64
		{679D3F3E-2989-45E4-B12F-41562B86A4DD}.iOSBuild|x64.Build.0 = DebugOnLocal|x64
		{679D3F3E-2989-45E4-B12F-41562B86A4DD}.iOSBuild|x86.ActiveCfg = DebugOnLocal|x86
		{679D3F3E-2989-45E4-B12F-41562B86A4DD}.iOSBuild|x86.Build.0 = DebugOnLocal|x86
		{679D3F3E-2989-45E4-B12F-41562B86A4DD}.Nightly|Any CPU.ActiveCfg = Release|x86
		{679D3F3E-2989-45E4-B12F-41562B86A4DD}.Nightly|Mixed Platforms.ActiveCfg = Release|x86
		{679D3F3E-2989-45E4-B12F-41562B86A4DD}.Nightly|Mixed Platforms.Build.0 = Release|x86
		{679D3F3E-2989-45E4-B12F-41562B86A4DD}.Nightly|x64.ActiveCfg = DebugOnLocal|x64
		{679D3F3E-2989-45E4-B12F-41562B86A4DD}.Nightly|x64.Build.0 = DebugOnLocal|x64
		{679D3F3E-2989-45E4-B12F-41562B86A4DD}.Nightly|x86.ActiveCfg = Release|x86
		{679D3F3E-2989-45E4-B12F-41562B86A4DD}.Nightly|x86.Build.0 = Release|x86
		{679D3F3E-2989-45E4-B12F-41562B86A4DD}.Release|Any CPU.ActiveCfg = Release|x86
		{679D3F3E-2989-45E4-B12F-41562B86A4DD}.Release|Mixed Platforms.ActiveCfg = Release|x86
		{679D3F3E-2989-45E4-B12F-41562B86A4DD}.Release|x64.ActiveCfg = Release|x64
		{679D3F3E-2989-45E4-B12F-41562B86A4DD}.Release|x64.Build.0 = Release|x64
		{679D3F3E-2989-45E4-B12F-41562B86A4DD}.Release|x86.ActiveCfg = Release|x86
		{679D3F3E-2989-45E4-B12F-41562B86A4DD}.Release|x86.Build.0 = Release|x86
		{B8EE4196-BB55-48A7-99DF-B1A3E21FC7B6}.AndroidDebug|Any CPU.ActiveCfg = Debug|Any CPU
		{B8EE4196-BB55-48A7-99DF-B1A3E21FC7B6}.AndroidDebug|Any CPU.Build.0 = Debug|Any CPU
		{B8EE4196-BB55-48A7-99DF-B1A3E21FC7B6}.AndroidDebug|Mixed Platforms.ActiveCfg = Debug|Any CPU
		{B8EE4196-BB55-48A7-99DF-B1A3E21FC7B6}.AndroidDebug|Mixed Platforms.Build.0 = Debug|Any CPU
		{B8EE4196-BB55-48A7-99DF-B1A3E21FC7B6}.AndroidDebug|x64.ActiveCfg = Debug|Any CPU
		{B8EE4196-BB55-48A7-99DF-B1A3E21FC7B6}.AndroidDebug|x86.ActiveCfg = Debug|Any CPU
		{B8EE4196-BB55-48A7-99DF-B1A3E21FC7B6}.AndroidDebugOnLocal|Any CPU.ActiveCfg = DebugOnLocal|Any CPU
		{B8EE4196-BB55-48A7-99DF-B1A3E21FC7B6}.AndroidDebugOnLocal|Any CPU.Build.0 = DebugOnLocal|Any CPU
		{B8EE4196-BB55-48A7-99DF-B1A3E21FC7B6}.AndroidDebugOnLocal|Mixed Platforms.ActiveCfg = DebugOnLocal|Any CPU
		{B8EE4196-BB55-48A7-99DF-B1A3E21FC7B6}.AndroidDebugOnLocal|Mixed Platforms.Build.0 = DebugOnLocal|Any CPU
		{B8EE4196-BB55-48A7-99DF-B1A3E21FC7B6}.AndroidDebugOnLocal|x64.ActiveCfg = DebugOnLocal|Any CPU
		{B8EE4196-BB55-48A7-99DF-B1A3E21FC7B6}.AndroidDebugOnLocal|x86.ActiveCfg = DebugOnLocal|Any CPU
		{B8EE4196-BB55-48A7-99DF-B1A3E21FC7B6}.AndroidRelease|Any CPU.ActiveCfg = Release|Any CPU
		{B8EE4196-BB55-48A7-99DF-B1A3E21FC7B6}.AndroidRelease|Any CPU.Build.0 = Release|Any CPU
		{B8EE4196-BB55-48A7-99DF-B1A3E21FC7B6}.AndroidRelease|Mixed Platforms.ActiveCfg = Release|Any CPU
		{B8EE4196-BB55-48A7-99DF-B1A3E21FC7B6}.AndroidRelease|Mixed Platforms.Build.0 = Release|Any CPU
		{B8EE4196-BB55-48A7-99DF-B1A3E21FC7B6}.AndroidRelease|x64.ActiveCfg = Release|Any CPU
		{B8EE4196-BB55-48A7-99DF-B1A3E21FC7B6}.AndroidRelease|x86.ActiveCfg = Release|Any CPU
		{B8EE4196-BB55-48A7-99DF-B1A3E21FC7B6}.CrawlerDebug|Any CPU.ActiveCfg = Debug|Any CPU
		{B8EE4196-BB55-48A7-99DF-B1A3E21FC7B6}.CrawlerDebug|Any CPU.Build.0 = Debug|Any CPU
		{B8EE4196-BB55-48A7-99DF-B1A3E21FC7B6}.CrawlerDebug|Mixed Platforms.ActiveCfg = Debug|Any CPU
		{B8EE4196-BB55-48A7-99DF-B1A3E21FC7B6}.CrawlerDebug|Mixed Platforms.Build.0 = Debug|Any CPU
		{B8EE4196-BB55-48A7-99DF-B1A3E21FC7B6}.CrawlerDebug|x64.ActiveCfg = Debug|Any CPU
		{B8EE4196-BB55-48A7-99DF-B1A3E21FC7B6}.CrawlerDebug|x86.ActiveCfg = Debug|Any CPU
		{B8EE4196-BB55-48A7-99DF-B1A3E21FC7B6}.Debug|Any CPU.ActiveCfg = Debug|Any CPU
		{B8EE4196-BB55-48A7-99DF-B1A3E21FC7B6}.Debug|Any CPU.Build.0 = Debug|Any CPU
		{B8EE4196-BB55-48A7-99DF-B1A3E21FC7B6}.Debug|Mixed Platforms.ActiveCfg = Debug|Any CPU
		{B8EE4196-BB55-48A7-99DF-B1A3E21FC7B6}.Debug|Mixed Platforms.Build.0 = Debug|Any CPU
		{B8EE4196-BB55-48A7-99DF-B1A3E21FC7B6}.Debug|x64.ActiveCfg = Debug|Any CPU
		{B8EE4196-BB55-48A7-99DF-B1A3E21FC7B6}.Debug|x64.Build.0 = Debug|Any CPU
		{B8EE4196-BB55-48A7-99DF-B1A3E21FC7B6}.Debug|x86.ActiveCfg = Debug|Any CPU
		{B8EE4196-BB55-48A7-99DF-B1A3E21FC7B6}.Debug|x86.Build.0 = Debug|Any CPU
		{B8EE4196-BB55-48A7-99DF-B1A3E21FC7B6}.DebugDataTest|Any CPU.ActiveCfg = DebugOnLocal|Any CPU
		{B8EE4196-BB55-48A7-99DF-B1A3E21FC7B6}.DebugDataTest|Any CPU.Build.0 = DebugOnLocal|Any CPU
		{B8EE4196-BB55-48A7-99DF-B1A3E21FC7B6}.DebugDataTest|Mixed Platforms.ActiveCfg = DebugOnLocal|Any CPU
		{B8EE4196-BB55-48A7-99DF-B1A3E21FC7B6}.DebugDataTest|Mixed Platforms.Build.0 = DebugOnLocal|Any CPU
		{B8EE4196-BB55-48A7-99DF-B1A3E21FC7B6}.DebugDataTest|x64.ActiveCfg = DebugOnLocal|Any CPU
		{B8EE4196-BB55-48A7-99DF-B1A3E21FC7B6}.DebugDataTest|x86.ActiveCfg = DebugOnLocal|Any CPU
		{B8EE4196-BB55-48A7-99DF-B1A3E21FC7B6}.DebugOnLocal|Any CPU.ActiveCfg = DebugOnLocal|Any CPU
		{B8EE4196-BB55-48A7-99DF-B1A3E21FC7B6}.DebugOnLocal|Any CPU.Build.0 = DebugOnLocal|Any CPU
		{B8EE4196-BB55-48A7-99DF-B1A3E21FC7B6}.DebugOnLocal|Mixed Platforms.ActiveCfg = DebugOnLocal|Any CPU
		{B8EE4196-BB55-48A7-99DF-B1A3E21FC7B6}.DebugOnLocal|Mixed Platforms.Build.0 = DebugOnLocal|Any CPU
		{B8EE4196-BB55-48A7-99DF-B1A3E21FC7B6}.DebugOnLocal|x64.ActiveCfg = DebugOnLocal|Any CPU
		{B8EE4196-BB55-48A7-99DF-B1A3E21FC7B6}.DebugOnLocal|x86.ActiveCfg = DebugOnLocal|Any CPU
		{B8EE4196-BB55-48A7-99DF-B1A3E21FC7B6}.DebugOnLocalWebServer|Any CPU.ActiveCfg = DebugOnLocal|Any CPU
		{B8EE4196-BB55-48A7-99DF-B1A3E21FC7B6}.DebugOnLocalWebServer|Any CPU.Build.0 = DebugOnLocal|Any CPU
		{B8EE4196-BB55-48A7-99DF-B1A3E21FC7B6}.DebugOnLocalWebServer|Mixed Platforms.ActiveCfg = DebugOnLocal|Any CPU
		{B8EE4196-BB55-48A7-99DF-B1A3E21FC7B6}.DebugOnLocalWebServer|Mixed Platforms.Build.0 = DebugOnLocal|Any CPU
		{B8EE4196-BB55-48A7-99DF-B1A3E21FC7B6}.DebugOnLocalWebServer|x64.ActiveCfg = DebugOnLocal|Any CPU
		{B8EE4196-BB55-48A7-99DF-B1A3E21FC7B6}.DebugOnLocalWebServer|x86.ActiveCfg = DebugOnLocal|Any CPU
		{B8EE4196-BB55-48A7-99DF-B1A3E21FC7B6}.IntegrationTest|Any CPU.ActiveCfg = DebugOnLocal|Any CPU
		{B8EE4196-BB55-48A7-99DF-B1A3E21FC7B6}.IntegrationTest|Any CPU.Build.0 = DebugOnLocal|Any CPU
		{B8EE4196-BB55-48A7-99DF-B1A3E21FC7B6}.IntegrationTest|Mixed Platforms.ActiveCfg = DebugOnLocal|Any CPU
		{B8EE4196-BB55-48A7-99DF-B1A3E21FC7B6}.IntegrationTest|Mixed Platforms.Build.0 = DebugOnLocal|Any CPU
		{B8EE4196-BB55-48A7-99DF-B1A3E21FC7B6}.IntegrationTest|x64.ActiveCfg = Release|Any CPU
		{B8EE4196-BB55-48A7-99DF-B1A3E21FC7B6}.IntegrationTest|x86.ActiveCfg = DebugOnLocal|Any CPU
		{B8EE4196-BB55-48A7-99DF-B1A3E21FC7B6}.iOSBuild|Any CPU.ActiveCfg = DebugOnLocal|Any CPU
		{B8EE4196-BB55-48A7-99DF-B1A3E21FC7B6}.iOSBuild|Any CPU.Build.0 = DebugOnLocal|Any CPU
		{B8EE4196-BB55-48A7-99DF-B1A3E21FC7B6}.iOSBuild|Mixed Platforms.ActiveCfg = DebugOnLocal|Any CPU
		{B8EE4196-BB55-48A7-99DF-B1A3E21FC7B6}.iOSBuild|Mixed Platforms.Build.0 = DebugOnLocal|Any CPU
		{B8EE4196-BB55-48A7-99DF-B1A3E21FC7B6}.iOSBuild|x64.ActiveCfg = Release|Any CPU
		{B8EE4196-BB55-48A7-99DF-B1A3E21FC7B6}.iOSBuild|x86.ActiveCfg = DebugOnLocal|Any CPU
		{B8EE4196-BB55-48A7-99DF-B1A3E21FC7B6}.Nightly|Any CPU.ActiveCfg = Release|Any CPU
		{B8EE4196-BB55-48A7-99DF-B1A3E21FC7B6}.Nightly|Any CPU.Build.0 = Release|Any CPU
		{B8EE4196-BB55-48A7-99DF-B1A3E21FC7B6}.Nightly|Mixed Platforms.ActiveCfg = Release|Any CPU
		{B8EE4196-BB55-48A7-99DF-B1A3E21FC7B6}.Nightly|Mixed Platforms.Build.0 = Release|Any CPU
		{B8EE4196-BB55-48A7-99DF-B1A3E21FC7B6}.Nightly|x64.ActiveCfg = Release|Any CPU
		{B8EE4196-BB55-48A7-99DF-B1A3E21FC7B6}.Nightly|x86.ActiveCfg = Release|Any CPU
		{B8EE4196-BB55-48A7-99DF-B1A3E21FC7B6}.Release|Any CPU.ActiveCfg = Release|Any CPU
		{B8EE4196-BB55-48A7-99DF-B1A3E21FC7B6}.Release|Any CPU.Build.0 = Release|Any CPU
		{B8EE4196-BB55-48A7-99DF-B1A3E21FC7B6}.Release|Mixed Platforms.ActiveCfg = Release|Any CPU
		{B8EE4196-BB55-48A7-99DF-B1A3E21FC7B6}.Release|Mixed Platforms.Build.0 = Release|Any CPU
		{B8EE4196-BB55-48A7-99DF-B1A3E21FC7B6}.Release|x64.ActiveCfg = Release|Any CPU
		{B8EE4196-BB55-48A7-99DF-B1A3E21FC7B6}.Release|x86.ActiveCfg = Release|Any CPU
		{AB822146-5A9D-4349-BACA-1CBCB5795C01}.AndroidDebug|Any CPU.ActiveCfg = Debug|Any CPU
		{AB822146-5A9D-4349-BACA-1CBCB5795C01}.AndroidDebug|Any CPU.Build.0 = Debug|Any CPU
		{AB822146-5A9D-4349-BACA-1CBCB5795C01}.AndroidDebug|Mixed Platforms.ActiveCfg = Debug|Any CPU
		{AB822146-5A9D-4349-BACA-1CBCB5795C01}.AndroidDebug|Mixed Platforms.Build.0 = Debug|Any CPU
		{AB822146-5A9D-4349-BACA-1CBCB5795C01}.AndroidDebug|x64.ActiveCfg = Debug|Any CPU
		{AB822146-5A9D-4349-BACA-1CBCB5795C01}.AndroidDebug|x86.ActiveCfg = Debug|Any CPU
		{AB822146-5A9D-4349-BACA-1CBCB5795C01}.AndroidDebugOnLocal|Any CPU.ActiveCfg = DebugOnLocal|Any CPU
		{AB822146-5A9D-4349-BACA-1CBCB5795C01}.AndroidDebugOnLocal|Any CPU.Build.0 = DebugOnLocal|Any CPU
		{AB822146-5A9D-4349-BACA-1CBCB5795C01}.AndroidDebugOnLocal|Mixed Platforms.ActiveCfg = DebugOnLocal|Any CPU
		{AB822146-5A9D-4349-BACA-1CBCB5795C01}.AndroidDebugOnLocal|Mixed Platforms.Build.0 = DebugOnLocal|Any CPU
		{AB822146-5A9D-4349-BACA-1CBCB5795C01}.AndroidDebugOnLocal|x64.ActiveCfg = DebugOnLocal|Any CPU
		{AB822146-5A9D-4349-BACA-1CBCB5795C01}.AndroidDebugOnLocal|x86.ActiveCfg = DebugOnLocal|Any CPU
		{AB822146-5A9D-4349-BACA-1CBCB5795C01}.AndroidRelease|Any CPU.ActiveCfg = Release|Any CPU
		{AB822146-5A9D-4349-BACA-1CBCB5795C01}.AndroidRelease|Any CPU.Build.0 = Release|Any CPU
		{AB822146-5A9D-4349-BACA-1CBCB5795C01}.AndroidRelease|Mixed Platforms.ActiveCfg = Release|Any CPU
		{AB822146-5A9D-4349-BACA-1CBCB5795C01}.AndroidRelease|Mixed Platforms.Build.0 = Release|Any CPU
		{AB822146-5A9D-4349-BACA-1CBCB5795C01}.AndroidRelease|x64.ActiveCfg = Release|Any CPU
		{AB822146-5A9D-4349-BACA-1CBCB5795C01}.AndroidRelease|x86.ActiveCfg = Release|Any CPU
		{AB822146-5A9D-4349-BACA-1CBCB5795C01}.CrawlerDebug|Any CPU.ActiveCfg = CrawlerDebug|Any CPU
		{AB822146-5A9D-4349-BACA-1CBCB5795C01}.CrawlerDebug|Any CPU.Build.0 = CrawlerDebug|Any CPU
		{AB822146-5A9D-4349-BACA-1CBCB5795C01}.CrawlerDebug|Mixed Platforms.ActiveCfg = CrawlerDebug|Any CPU
		{AB822146-5A9D-4349-BACA-1CBCB5795C01}.CrawlerDebug|Mixed Platforms.Build.0 = CrawlerDebug|Any CPU
		{AB822146-5A9D-4349-BACA-1CBCB5795C01}.CrawlerDebug|x64.ActiveCfg = CrawlerDebug|Any CPU
		{AB822146-5A9D-4349-BACA-1CBCB5795C01}.CrawlerDebug|x86.ActiveCfg = CrawlerDebug|Any CPU
		{AB822146-5A9D-4349-BACA-1CBCB5795C01}.Debug|Any CPU.ActiveCfg = Debug|Any CPU
		{AB822146-5A9D-4349-BACA-1CBCB5795C01}.Debug|Any CPU.Build.0 = Debug|Any CPU
		{AB822146-5A9D-4349-BACA-1CBCB5795C01}.Debug|Mixed Platforms.ActiveCfg = Debug|Any CPU
		{AB822146-5A9D-4349-BACA-1CBCB5795C01}.Debug|Mixed Platforms.Build.0 = Debug|Any CPU
		{AB822146-5A9D-4349-BACA-1CBCB5795C01}.Debug|x64.ActiveCfg = Debug|Any CPU
		{AB822146-5A9D-4349-BACA-1CBCB5795C01}.Debug|x64.Build.0 = Debug|Any CPU
		{AB822146-5A9D-4349-BACA-1CBCB5795C01}.Debug|x86.ActiveCfg = Debug|Any CPU
		{AB822146-5A9D-4349-BACA-1CBCB5795C01}.Debug|x86.Build.0 = Debug|Any CPU
		{AB822146-5A9D-4349-BACA-1CBCB5795C01}.DebugDataTest|Any CPU.ActiveCfg = DebugOnLocal|Any CPU
		{AB822146-5A9D-4349-BACA-1CBCB5795C01}.DebugDataTest|Any CPU.Build.0 = DebugOnLocal|Any CPU
		{AB822146-5A9D-4349-BACA-1CBCB5795C01}.DebugDataTest|Mixed Platforms.ActiveCfg = DebugOnLocal|Any CPU
		{AB822146-5A9D-4349-BACA-1CBCB5795C01}.DebugDataTest|Mixed Platforms.Build.0 = DebugOnLocal|Any CPU
		{AB822146-5A9D-4349-BACA-1CBCB5795C01}.DebugDataTest|x64.ActiveCfg = DebugOnLocal|Any CPU
		{AB822146-5A9D-4349-BACA-1CBCB5795C01}.DebugDataTest|x86.ActiveCfg = DebugOnLocal|Any CPU
		{AB822146-5A9D-4349-BACA-1CBCB5795C01}.DebugOnLocal|Any CPU.ActiveCfg = DebugOnLocal|Any CPU
		{AB822146-5A9D-4349-BACA-1CBCB5795C01}.DebugOnLocal|Any CPU.Build.0 = DebugOnLocal|Any CPU
		{AB822146-5A9D-4349-BACA-1CBCB5795C01}.DebugOnLocal|Mixed Platforms.ActiveCfg = DebugOnLocal|Any CPU
		{AB822146-5A9D-4349-BACA-1CBCB5795C01}.DebugOnLocal|Mixed Platforms.Build.0 = DebugOnLocal|Any CPU
		{AB822146-5A9D-4349-BACA-1CBCB5795C01}.DebugOnLocal|x64.ActiveCfg = DebugOnLocal|Any CPU
		{AB822146-5A9D-4349-BACA-1CBCB5795C01}.DebugOnLocal|x86.ActiveCfg = DebugOnLocal|Any CPU
		{AB822146-5A9D-4349-BACA-1CBCB5795C01}.DebugOnLocalWebServer|Any CPU.ActiveCfg = DebugOnLocal|Any CPU
		{AB822146-5A9D-4349-BACA-1CBCB5795C01}.DebugOnLocalWebServer|Any CPU.Build.0 = DebugOnLocal|Any CPU
		{AB822146-5A9D-4349-BACA-1CBCB5795C01}.DebugOnLocalWebServer|Mixed Platforms.ActiveCfg = DebugOnLocal|Any CPU
		{AB822146-5A9D-4349-BACA-1CBCB5795C01}.DebugOnLocalWebServer|Mixed Platforms.Build.0 = DebugOnLocal|Any CPU
		{AB822146-5A9D-4349-BACA-1CBCB5795C01}.DebugOnLocalWebServer|x64.ActiveCfg = DebugOnLocal|Any CPU
		{AB822146-5A9D-4349-BACA-1CBCB5795C01}.DebugOnLocalWebServer|x86.ActiveCfg = DebugOnLocal|Any CPU
		{AB822146-5A9D-4349-BACA-1CBCB5795C01}.IntegrationTest|Any CPU.ActiveCfg = DebugOnLocal|Any CPU
		{AB822146-5A9D-4349-BACA-1CBCB5795C01}.IntegrationTest|Any CPU.Build.0 = DebugOnLocal|Any CPU
		{AB822146-5A9D-4349-BACA-1CBCB5795C01}.IntegrationTest|Mixed Platforms.ActiveCfg = DebugOnLocal|Any CPU
		{AB822146-5A9D-4349-BACA-1CBCB5795C01}.IntegrationTest|Mixed Platforms.Build.0 = DebugOnLocal|Any CPU
		{AB822146-5A9D-4349-BACA-1CBCB5795C01}.IntegrationTest|x64.ActiveCfg = CrawlerDebug|Any CPU
		{AB822146-5A9D-4349-BACA-1CBCB5795C01}.IntegrationTest|x86.ActiveCfg = DebugOnLocal|Any CPU
		{AB822146-5A9D-4349-BACA-1CBCB5795C01}.iOSBuild|Any CPU.ActiveCfg = DebugOnLocal|Any CPU
		{AB822146-5A9D-4349-BACA-1CBCB5795C01}.iOSBuild|Any CPU.Build.0 = DebugOnLocal|Any CPU
		{AB822146-5A9D-4349-BACA-1CBCB5795C01}.iOSBuild|Mixed Platforms.ActiveCfg = DebugOnLocal|Any CPU
		{AB822146-5A9D-4349-BACA-1CBCB5795C01}.iOSBuild|Mixed Platforms.Build.0 = DebugOnLocal|Any CPU
		{AB822146-5A9D-4349-BACA-1CBCB5795C01}.iOSBuild|x64.ActiveCfg = CrawlerDebug|Any CPU
		{AB822146-5A9D-4349-BACA-1CBCB5795C01}.iOSBuild|x86.ActiveCfg = DebugOnLocal|Any CPU
		{AB822146-5A9D-4349-BACA-1CBCB5795C01}.Nightly|Any CPU.ActiveCfg = Release|Any CPU
		{AB822146-5A9D-4349-BACA-1CBCB5795C01}.Nightly|Any CPU.Build.0 = Release|Any CPU
		{AB822146-5A9D-4349-BACA-1CBCB5795C01}.Nightly|Mixed Platforms.ActiveCfg = Release|Any CPU
		{AB822146-5A9D-4349-BACA-1CBCB5795C01}.Nightly|Mixed Platforms.Build.0 = Release|Any CPU
		{AB822146-5A9D-4349-BACA-1CBCB5795C01}.Nightly|x64.ActiveCfg = CrawlerDebug|Any CPU
		{AB822146-5A9D-4349-BACA-1CBCB5795C01}.Nightly|x86.ActiveCfg = Release|Any CPU
		{AB822146-5A9D-4349-BACA-1CBCB5795C01}.Release|Any CPU.ActiveCfg = Release|Any CPU
		{AB822146-5A9D-4349-BACA-1CBCB5795C01}.Release|Any CPU.Build.0 = Release|Any CPU
		{AB822146-5A9D-4349-BACA-1CBCB5795C01}.Release|Mixed Platforms.ActiveCfg = Release|Any CPU
		{AB822146-5A9D-4349-BACA-1CBCB5795C01}.Release|Mixed Platforms.Build.0 = Release|Any CPU
		{AB822146-5A9D-4349-BACA-1CBCB5795C01}.Release|x64.ActiveCfg = Release|Any CPU
		{AB822146-5A9D-4349-BACA-1CBCB5795C01}.Release|x86.ActiveCfg = Release|Any CPU
		{CBEC5068-C249-4043-9A04-1827CFAA3624}.AndroidDebug|Any CPU.ActiveCfg = Debug|Any CPU
		{CBEC5068-C249-4043-9A04-1827CFAA3624}.AndroidDebug|Any CPU.Build.0 = Debug|Any CPU
		{CBEC5068-C249-4043-9A04-1827CFAA3624}.AndroidDebug|Mixed Platforms.ActiveCfg = Debug|Any CPU
		{CBEC5068-C249-4043-9A04-1827CFAA3624}.AndroidDebug|Mixed Platforms.Build.0 = Debug|Any CPU
		{CBEC5068-C249-4043-9A04-1827CFAA3624}.AndroidDebug|x64.ActiveCfg = Debug|Any CPU
		{CBEC5068-C249-4043-9A04-1827CFAA3624}.AndroidDebug|x64.Build.0 = Debug|Any CPU
		{CBEC5068-C249-4043-9A04-1827CFAA3624}.AndroidDebug|x86.ActiveCfg = Debug|Any CPU
		{CBEC5068-C249-4043-9A04-1827CFAA3624}.AndroidDebug|x86.Build.0 = Debug|Any CPU
		{CBEC5068-C249-4043-9A04-1827CFAA3624}.AndroidDebugOnLocal|Any CPU.ActiveCfg = Debug|Any CPU
		{CBEC5068-C249-4043-9A04-1827CFAA3624}.AndroidDebugOnLocal|Any CPU.Build.0 = Debug|Any CPU
		{CBEC5068-C249-4043-9A04-1827CFAA3624}.AndroidDebugOnLocal|Mixed Platforms.ActiveCfg = Debug|Any CPU
		{CBEC5068-C249-4043-9A04-1827CFAA3624}.AndroidDebugOnLocal|Mixed Platforms.Build.0 = Debug|Any CPU
		{CBEC5068-C249-4043-9A04-1827CFAA3624}.AndroidDebugOnLocal|x64.ActiveCfg = Debug|Any CPU
		{CBEC5068-C249-4043-9A04-1827CFAA3624}.AndroidDebugOnLocal|x64.Build.0 = Debug|Any CPU
		{CBEC5068-C249-4043-9A04-1827CFAA3624}.AndroidDebugOnLocal|x86.ActiveCfg = Debug|Any CPU
		{CBEC5068-C249-4043-9A04-1827CFAA3624}.AndroidDebugOnLocal|x86.Build.0 = Debug|Any CPU
		{CBEC5068-C249-4043-9A04-1827CFAA3624}.AndroidRelease|Any CPU.ActiveCfg = Release|Any CPU
		{CBEC5068-C249-4043-9A04-1827CFAA3624}.AndroidRelease|Any CPU.Build.0 = Release|Any CPU
		{CBEC5068-C249-4043-9A04-1827CFAA3624}.AndroidRelease|Mixed Platforms.ActiveCfg = Release|Any CPU
		{CBEC5068-C249-4043-9A04-1827CFAA3624}.AndroidRelease|Mixed Platforms.Build.0 = Release|Any CPU
		{CBEC5068-C249-4043-9A04-1827CFAA3624}.AndroidRelease|x64.ActiveCfg = Release|Any CPU
		{CBEC5068-C249-4043-9A04-1827CFAA3624}.AndroidRelease|x64.Build.0 = Release|Any CPU
		{CBEC5068-C249-4043-9A04-1827CFAA3624}.AndroidRelease|x86.ActiveCfg = Release|Any CPU
		{CBEC5068-C249-4043-9A04-1827CFAA3624}.AndroidRelease|x86.Build.0 = Release|Any CPU
		{CBEC5068-C249-4043-9A04-1827CFAA3624}.CrawlerDebug|Any CPU.ActiveCfg = Debug|Any CPU
		{CBEC5068-C249-4043-9A04-1827CFAA3624}.CrawlerDebug|Any CPU.Build.0 = Debug|Any CPU
		{CBEC5068-C249-4043-9A04-1827CFAA3624}.CrawlerDebug|Mixed Platforms.ActiveCfg = Debug|Any CPU
		{CBEC5068-C249-4043-9A04-1827CFAA3624}.CrawlerDebug|Mixed Platforms.Build.0 = Debug|Any CPU
		{CBEC5068-C249-4043-9A04-1827CFAA3624}.CrawlerDebug|x64.ActiveCfg = Debug|Any CPU
		{CBEC5068-C249-4043-9A04-1827CFAA3624}.CrawlerDebug|x64.Build.0 = Debug|Any CPU
		{CBEC5068-C249-4043-9A04-1827CFAA3624}.CrawlerDebug|x86.ActiveCfg = Debug|Any CPU
		{CBEC5068-C249-4043-9A04-1827CFAA3624}.CrawlerDebug|x86.Build.0 = Debug|Any CPU
		{CBEC5068-C249-4043-9A04-1827CFAA3624}.Debug|Any CPU.ActiveCfg = Debug|Any CPU
		{CBEC5068-C249-4043-9A04-1827CFAA3624}.Debug|Any CPU.Build.0 = Debug|Any CPU
		{CBEC5068-C249-4043-9A04-1827CFAA3624}.Debug|Mixed Platforms.ActiveCfg = Debug|Any CPU
		{CBEC5068-C249-4043-9A04-1827CFAA3624}.Debug|Mixed Platforms.Build.0 = Debug|Any CPU
		{CBEC5068-C249-4043-9A04-1827CFAA3624}.Debug|x64.ActiveCfg = Debug|Any CPU
		{CBEC5068-C249-4043-9A04-1827CFAA3624}.Debug|x64.Build.0 = Debug|Any CPU
		{CBEC5068-C249-4043-9A04-1827CFAA3624}.Debug|x86.ActiveCfg = Debug|Any CPU
		{CBEC5068-C249-4043-9A04-1827CFAA3624}.Debug|x86.Build.0 = Debug|Any CPU
		{CBEC5068-C249-4043-9A04-1827CFAA3624}.DebugDataTest|Any CPU.ActiveCfg = Debug|Any CPU
		{CBEC5068-C249-4043-9A04-1827CFAA3624}.DebugDataTest|Any CPU.Build.0 = Debug|Any CPU
		{CBEC5068-C249-4043-9A04-1827CFAA3624}.DebugDataTest|Mixed Platforms.ActiveCfg = Debug|Any CPU
		{CBEC5068-C249-4043-9A04-1827CFAA3624}.DebugDataTest|Mixed Platforms.Build.0 = Debug|Any CPU
		{CBEC5068-C249-4043-9A04-1827CFAA3624}.DebugDataTest|x64.ActiveCfg = Debug|Any CPU
		{CBEC5068-C249-4043-9A04-1827CFAA3624}.DebugDataTest|x64.Build.0 = Debug|Any CPU
		{CBEC5068-C249-4043-9A04-1827CFAA3624}.DebugDataTest|x86.ActiveCfg = Debug|Any CPU
		{CBEC5068-C249-4043-9A04-1827CFAA3624}.DebugDataTest|x86.Build.0 = Debug|Any CPU
		{CBEC5068-C249-4043-9A04-1827CFAA3624}.DebugOnLocal|Any CPU.ActiveCfg = Debug|Any CPU
		{CBEC5068-C249-4043-9A04-1827CFAA3624}.DebugOnLocal|Any CPU.Build.0 = Debug|Any CPU
		{CBEC5068-C249-4043-9A04-1827CFAA3624}.DebugOnLocal|Mixed Platforms.ActiveCfg = Debug|Any CPU
		{CBEC5068-C249-4043-9A04-1827CFAA3624}.DebugOnLocal|Mixed Platforms.Build.0 = Debug|Any CPU
		{CBEC5068-C249-4043-9A04-1827CFAA3624}.DebugOnLocal|x64.ActiveCfg = Debug|Any CPU
		{CBEC5068-C249-4043-9A04-1827CFAA3624}.DebugOnLocal|x64.Build.0 = Debug|Any CPU
		{CBEC5068-C249-4043-9A04-1827CFAA3624}.DebugOnLocal|x86.ActiveCfg = Debug|Any CPU
		{CBEC5068-C249-4043-9A04-1827CFAA3624}.DebugOnLocal|x86.Build.0 = Debug|Any CPU
		{CBEC5068-C249-4043-9A04-1827CFAA3624}.DebugOnLocalWebServer|Any CPU.ActiveCfg = Debug|Any CPU
		{CBEC5068-C249-4043-9A04-1827CFAA3624}.DebugOnLocalWebServer|Any CPU.Build.0 = Debug|Any CPU
		{CBEC5068-C249-4043-9A04-1827CFAA3624}.DebugOnLocalWebServer|Mixed Platforms.ActiveCfg = Debug|Any CPU
		{CBEC5068-C249-4043-9A04-1827CFAA3624}.DebugOnLocalWebServer|Mixed Platforms.Build.0 = Debug|Any CPU
		{CBEC5068-C249-4043-9A04-1827CFAA3624}.DebugOnLocalWebServer|x64.ActiveCfg = Debug|Any CPU
		{CBEC5068-C249-4043-9A04-1827CFAA3624}.DebugOnLocalWebServer|x64.Build.0 = Debug|Any CPU
		{CBEC5068-C249-4043-9A04-1827CFAA3624}.DebugOnLocalWebServer|x86.ActiveCfg = Debug|Any CPU
		{CBEC5068-C249-4043-9A04-1827CFAA3624}.DebugOnLocalWebServer|x86.Build.0 = Debug|Any CPU
		{CBEC5068-C249-4043-9A04-1827CFAA3624}.IntegrationTest|Any CPU.ActiveCfg = Release|Any CPU
		{CBEC5068-C249-4043-9A04-1827CFAA3624}.IntegrationTest|Any CPU.Build.0 = Release|Any CPU
		{CBEC5068-C249-4043-9A04-1827CFAA3624}.IntegrationTest|Mixed Platforms.ActiveCfg = Release|Any CPU
		{CBEC5068-C249-4043-9A04-1827CFAA3624}.IntegrationTest|Mixed Platforms.Build.0 = Release|Any CPU
		{CBEC5068-C249-4043-9A04-1827CFAA3624}.IntegrationTest|x64.ActiveCfg = Release|Any CPU
		{CBEC5068-C249-4043-9A04-1827CFAA3624}.IntegrationTest|x64.Build.0 = Release|Any CPU
		{CBEC5068-C249-4043-9A04-1827CFAA3624}.IntegrationTest|x86.ActiveCfg = Release|Any CPU
		{CBEC5068-C249-4043-9A04-1827CFAA3624}.IntegrationTest|x86.Build.0 = Release|Any CPU
		{CBEC5068-C249-4043-9A04-1827CFAA3624}.iOSBuild|Any CPU.ActiveCfg = Release|Any CPU
		{CBEC5068-C249-4043-9A04-1827CFAA3624}.iOSBuild|Any CPU.Build.0 = Release|Any CPU
		{CBEC5068-C249-4043-9A04-1827CFAA3624}.iOSBuild|Mixed Platforms.ActiveCfg = Release|Any CPU
		{CBEC5068-C249-4043-9A04-1827CFAA3624}.iOSBuild|Mixed Platforms.Build.0 = Release|Any CPU
		{CBEC5068-C249-4043-9A04-1827CFAA3624}.iOSBuild|x64.ActiveCfg = Release|Any CPU
		{CBEC5068-C249-4043-9A04-1827CFAA3624}.iOSBuild|x64.Build.0 = Release|Any CPU
		{CBEC5068-C249-4043-9A04-1827CFAA3624}.iOSBuild|x86.ActiveCfg = Release|Any CPU
		{CBEC5068-C249-4043-9A04-1827CFAA3624}.iOSBuild|x86.Build.0 = Release|Any CPU
		{CBEC5068-C249-4043-9A04-1827CFAA3624}.Nightly|Any CPU.ActiveCfg = Release|Any CPU
		{CBEC5068-C249-4043-9A04-1827CFAA3624}.Nightly|Any CPU.Build.0 = Release|Any CPU
		{CBEC5068-C249-4043-9A04-1827CFAA3624}.Nightly|Mixed Platforms.ActiveCfg = Release|Any CPU
		{CBEC5068-C249-4043-9A04-1827CFAA3624}.Nightly|Mixed Platforms.Build.0 = Release|Any CPU
		{CBEC5068-C249-4043-9A04-1827CFAA3624}.Nightly|x64.ActiveCfg = Release|Any CPU
		{CBEC5068-C249-4043-9A04-1827CFAA3624}.Nightly|x64.Build.0 = Release|Any CPU
		{CBEC5068-C249-4043-9A04-1827CFAA3624}.Nightly|x86.ActiveCfg = Release|Any CPU
		{CBEC5068-C249-4043-9A04-1827CFAA3624}.Nightly|x86.Build.0 = Release|Any CPU
		{CBEC5068-C249-4043-9A04-1827CFAA3624}.Release|Any CPU.ActiveCfg = Release|Any CPU
		{CBEC5068-C249-4043-9A04-1827CFAA3624}.Release|Any CPU.Build.0 = Release|Any CPU
		{CBEC5068-C249-4043-9A04-1827CFAA3624}.Release|Mixed Platforms.ActiveCfg = Release|Any CPU
		{CBEC5068-C249-4043-9A04-1827CFAA3624}.Release|Mixed Platforms.Build.0 = Release|Any CPU
		{CBEC5068-C249-4043-9A04-1827CFAA3624}.Release|x64.ActiveCfg = Release|Any CPU
		{CBEC5068-C249-4043-9A04-1827CFAA3624}.Release|x64.Build.0 = Release|Any CPU
		{CBEC5068-C249-4043-9A04-1827CFAA3624}.Release|x86.ActiveCfg = Release|Any CPU
		{CBEC5068-C249-4043-9A04-1827CFAA3624}.Release|x86.Build.0 = Release|Any CPU
	EndGlobalSection
	GlobalSection(SolutionProperties) = preSolution
		HideSolutionNode = FALSE
	EndGlobalSection
	GlobalSection(ExtensibilityGlobals) = postSolution
		VisualSVNWorkingCopyRoot = .
	EndGlobalSection
	GlobalSection(SubversionScc) = preSolution
		Svn-Managed = True
		Manager = AnkhSVN - Subversion Support for Visual Studio
	EndGlobalSection
EndGlobal
